// !$*UTF8*$!
{
	archiveVersion = 1;
	classes = {
	};
	objectVersion = 46;
	objects = {

/* Begin PBXBuildFile section */
		BC1D941213D234DB00B3CC94 /* ATPagingView.m in Sources */ = {isa = PBXBuildFile; fileRef = BC1D93FE13D234DB00B3CC94 /* ATPagingView.m */; };
		BC1D943113D247E600B3CC94 /* 06-magnify@2x.png in Resources */ = {isa = PBXBuildFile; fileRef = BC1D942F13D247E600B3CC94 /* 06-magnify@2x.png */; };
		BC1D943213D247E600B3CC94 /* 06-magnify.png in Resources */ = {isa = PBXBuildFile; fileRef = BC1D943013D247E600B3CC94 /* 06-magnify.png */; };
		BC1D943513D2488D00B3CC94 /* 111-user.png in Resources */ = {isa = PBXBuildFile; fileRef = BC1D943313D2488D00B3CC94 /* 111-user.png */; };
		BC1D943613D2488D00B3CC94 /* 111-user@2x.png in Resources */ = {isa = PBXBuildFile; fileRef = BC1D943413D2488D00B3CC94 /* 111-user@2x.png */; };
		BC1D943913D2489800B3CC94 /* 80-shopping-cart@2x.png in Resources */ = {isa = PBXBuildFile; fileRef = BC1D943713D2489800B3CC94 /* 80-shopping-cart@2x.png */; };
		BC1D943A13D2489800B3CC94 /* 80-shopping-cart.png in Resources */ = {isa = PBXBuildFile; fileRef = BC1D943813D2489800B3CC94 /* 80-shopping-cart.png */; };
		BC1D946013D25B3B00B3CC94 /* SDImageCache.m in Sources */ = {isa = PBXBuildFile; fileRef = BC1D945513D25B3B00B3CC94 /* SDImageCache.m */; };
		BC1D946113D25B3B00B3CC94 /* SDWebImageDownloader.m in Sources */ = {isa = PBXBuildFile; fileRef = BC1D945913D25B3B00B3CC94 /* SDWebImageDownloader.m */; };
		BC1D946213D25B3B00B3CC94 /* SDWebImageManager.m in Sources */ = {isa = PBXBuildFile; fileRef = BC1D945C13D25B3B00B3CC94 /* SDWebImageManager.m */; };
		BC1D946313D25B3B00B3CC94 /* UIImageView+WebCache.m in Sources */ = {isa = PBXBuildFile; fileRef = BC1D945F13D25B3B00B3CC94 /* UIImageView+WebCache.m */; };
		BC1D946613D25DE800B3CC94 /* amex.png in Resources */ = {isa = PBXBuildFile; fileRef = BC1D946513D25DE800B3CC94 /* amex.png */; };
		BC1D946813D25DF100B3CC94 /* cash.png in Resources */ = {isa = PBXBuildFile; fileRef = BC1D946713D25DF100B3CC94 /* cash.png */; };
		BC1D946A13D25E1300B3CC94 /* mastercard.png in Resources */ = {isa = PBXBuildFile; fileRef = BC1D946913D25E1300B3CC94 /* mastercard.png */; };
		BC1D946C13D25E1D00B3CC94 /* visa.png in Resources */ = {isa = PBXBuildFile; fileRef = BC1D946B13D25E1D00B3CC94 /* visa.png */; };
		BCFC66CD13EA0AC100846F19 /* placeholder-recipe-44.gif in Resources */ = {isa = PBXBuildFile; fileRef = BCFC66CC13EA0AC100846F19 /* placeholder-recipe-44.gif */; };
		E805A98B13CE24B900A96038 /* VistaCuentaPerfil.m in Sources */ = {isa = PBXBuildFile; fileRef = E805A98A13CE24B900A96038 /* VistaCuentaPerfil.m */; };
		E805A98F13CE24E500A96038 /* VistaUnoOrden.m in Sources */ = {isa = PBXBuildFile; fileRef = E805A98D13CE24E500A96038 /* VistaUnoOrden.m */; };
		E805A99013CE24E500A96038 /* VistaUnoOrden.xib in Resources */ = {isa = PBXBuildFile; fileRef = E805A98E13CE24E500A96038 /* VistaUnoOrden.xib */; };
		E805A99313CE36E300A96038 /* VistaListaRestaurants.m in Sources */ = {isa = PBXBuildFile; fileRef = E805A99213CE36E300A96038 /* VistaListaRestaurants.m */; };
		E805A9A113CE3F1100A96038 /* VistaDetalleRestaurant.m in Sources */ = {isa = PBXBuildFile; fileRef = E805A99F13CE3F1100A96038 /* VistaDetalleRestaurant.m */; };
		E805A9A213CE3F1100A96038 /* VistaDetalleRestaurant.xib in Resources */ = {isa = PBXBuildFile; fileRef = E805A9A013CE3F1100A96038 /* VistaDetalleRestaurant.xib */; };
		E805A9AA13CE4B2400A96038 /* VistaListaDirecciones.m in Sources */ = {isa = PBXBuildFile; fileRef = E805A9A913CE4B2400A96038 /* VistaListaDirecciones.m */; };
		E805A9AD13CE4C9100A96038 /* VistaListaRFC.m in Sources */ = {isa = PBXBuildFile; fileRef = E805A9AC13CE4C9100A96038 /* VistaListaRFC.m */; };
		E805A9B313CE505F00A96038 /* VistaNuevaDir.m in Sources */ = {isa = PBXBuildFile; fileRef = E805A9B213CE505E00A96038 /* VistaNuevaDir.m */; };
		E805A9B613CE540900A96038 /* VistaNuevoRFC.m in Sources */ = {isa = PBXBuildFile; fileRef = E805A9B513CE540900A96038 /* VistaNuevoRFC.m */; };
		E861897913CF414E003BA7AE /* VistaMenu.m in Sources */ = {isa = PBXBuildFile; fileRef = E861897713CF414E003BA7AE /* VistaMenu.m */; };
		E861897A13CF414E003BA7AE /* VistaMenu.xib in Resources */ = {isa = PBXBuildFile; fileRef = E861897813CF414E003BA7AE /* VistaMenu.xib */; };
		E890A7FD13CF6F96001B9291 /* MapKit.framework in Frameworks */ = {isa = PBXBuildFile; fileRef = E890A7FC13CF6F96001B9291 /* MapKit.framework */; };
		E890A80213CF7386001B9291 /* VistaResumen.m in Sources */ = {isa = PBXBuildFile; fileRef = E890A80113CF7386001B9291 /* VistaResumen.m */; };
		E890A80513CF75F9001B9291 /* VistaTicket.m in Sources */ = {isa = PBXBuildFile; fileRef = E890A80413CF75F9001B9291 /* VistaTicket.m */; };
		E899AFE313D4AEC600B688A7 /* VistaResenias.m in Sources */ = {isa = PBXBuildFile; fileRef = E899AFE213D4AEC600B688A7 /* VistaResenias.m */; };
		E8B8107F13D109A600BF03B8 /* VistaCarrito.m in Sources */ = {isa = PBXBuildFile; fileRef = E8B8107D13D109A600BF03B8 /* VistaCarrito.m */; };
		E8B8108013D109A600BF03B8 /* VistaCarrito.xib in Resources */ = {isa = PBXBuildFile; fileRef = E8B8107E13D109A600BF03B8 /* VistaCarrito.xib */; };
		E8B8108613D10E3800BF03B8 /* VistaFormaCheckOut.m in Sources */ = {isa = PBXBuildFile; fileRef = E8B8108513D10E3800BF03B8 /* VistaFormaCheckOut.m */; };
		E8C3410A13E9E0510071B12D /* XMLThreadedParser.m in Sources */ = {isa = PBXBuildFile; fileRef = E8C3410913E9E0510071B12D /* XMLThreadedParser.m */; };
		E8C3412613E9E0640071B12D /* CXMLDocument_CreationExtensions.m in Sources */ = {isa = PBXBuildFile; fileRef = E8C3410C13E9E0640071B12D /* CXMLDocument_CreationExtensions.m */; };
		E8C3412713E9E0640071B12D /* CXMLNode_CreationExtensions.m in Sources */ = {isa = PBXBuildFile; fileRef = E8C3410E13E9E0640071B12D /* CXMLNode_CreationExtensions.m */; };
		E8C3412813E9E0640071B12D /* CXHTMLDocument.m in Sources */ = {isa = PBXBuildFile; fileRef = E8C3411013E9E0640071B12D /* CXHTMLDocument.m */; };
		E8C3412913E9E0640071B12D /* CXMLDocument.m in Sources */ = {isa = PBXBuildFile; fileRef = E8C3411213E9E0640071B12D /* CXMLDocument.m */; };
		E8C3412A13E9E0640071B12D /* CXMLDocument_PrivateExtensions.m in Sources */ = {isa = PBXBuildFile; fileRef = E8C3411413E9E0640071B12D /* CXMLDocument_PrivateExtensions.m */; };
		E8C3412B13E9E0640071B12D /* CXMLElement.m in Sources */ = {isa = PBXBuildFile; fileRef = E8C3411613E9E0640071B12D /* CXMLElement.m */; };
		E8C3412C13E9E0640071B12D /* CXMLElement_CreationExtensions.m in Sources */ = {isa = PBXBuildFile; fileRef = E8C3411813E9E0640071B12D /* CXMLElement_CreationExtensions.m */; };
		E8C3412D13E9E0640071B12D /* CXMLElement_ElementTreeExtensions.m in Sources */ = {isa = PBXBuildFile; fileRef = E8C3411A13E9E0640071B12D /* CXMLElement_ElementTreeExtensions.m */; };
		E8C3412E13E9E0640071B12D /* CXMLNamespaceNode.m in Sources */ = {isa = PBXBuildFile; fileRef = E8C3411C13E9E0640071B12D /* CXMLNamespaceNode.m */; };
		E8C3412F13E9E0640071B12D /* CXMLNode.m in Sources */ = {isa = PBXBuildFile; fileRef = E8C3411E13E9E0640071B12D /* CXMLNode.m */; };
		E8C3413013E9E0640071B12D /* CXMLNode_PrivateExtensions.m in Sources */ = {isa = PBXBuildFile; fileRef = E8C3412013E9E0640071B12D /* CXMLNode_PrivateExtensions.m */; };
		E8C3413113E9E0640071B12D /* CXMLNode_XPathExtensions.m in Sources */ = {isa = PBXBuildFile; fileRef = E8C3412213E9E0640071B12D /* CXMLNode_XPathExtensions.m */; };
		E8C3413213E9E0640071B12D /* CTidy.m in Sources */ = {isa = PBXBuildFile; fileRef = E8C3412413E9E0640071B12D /* CTidy.m */; };
		E8C3413513E9F12B0071B12D /* abierto.png in Resources */ = {isa = PBXBuildFile; fileRef = E8C3413413E9F12B0071B12D /* abierto.png */; };
		E8C3413713E9F1330071B12D /* cerado.png in Resources */ = {isa = PBXBuildFile; fileRef = E8C3413613E9F1330071B12D /* cerado.png */; };
		E8C3413913E9F13A0071B12D /* estrellitas.png in Resources */ = {isa = PBXBuildFile; fileRef = E8C3413813E9F13A0071B12D /* estrellitas.png */; };
		E8CFDED513CDF09700F06E73 /* UIKit.framework in Frameworks */ = {isa = PBXBuildFile; fileRef = E8CFDED413CDF09700F06E73 /* UIKit.framework */; };
		E8CFDED713CDF09700F06E73 /* Foundation.framework in Frameworks */ = {isa = PBXBuildFile; fileRef = E8CFDED613CDF09700F06E73 /* Foundation.framework */; };
		E8CFDED913CDF09700F06E73 /* CoreGraphics.framework in Frameworks */ = {isa = PBXBuildFile; fileRef = E8CFDED813CDF09700F06E73 /* CoreGraphics.framework */; };
		E8CFDEDF13CDF09700F06E73 /* InfoPlist.strings in Resources */ = {isa = PBXBuildFile; fileRef = E8CFDEDD13CDF09700F06E73 /* InfoPlist.strings */; };
		E8CFDEE213CDF09700F06E73 /* main.m in Sources */ = {isa = PBXBuildFile; fileRef = E8CFDEE113CDF09700F06E73 /* main.m */; };
		E8CFDEE513CDF09700F06E73 /* miOrdenAppDelegate.m in Sources */ = {isa = PBXBuildFile; fileRef = E8CFDEE413CDF09700F06E73 /* miOrdenAppDelegate.m */; };
		E8CFDEE913CDF09700F06E73 /* miOrdenAppDelegate_iPhone.m in Sources */ = {isa = PBXBuildFile; fileRef = E8CFDEE813CDF09700F06E73 /* miOrdenAppDelegate_iPhone.m */; };
		E8CFDEEC13CDF09700F06E73 /* MainWindow_iPhone.xib in Resources */ = {isa = PBXBuildFile; fileRef = E8CFDEEA13CDF09700F06E73 /* MainWindow_iPhone.xib */; };
		E8CFDEF013CDF09700F06E73 /* miOrdenAppDelegate_iPad.m in Sources */ = {isa = PBXBuildFile; fileRef = E8CFDEEF13CDF09700F06E73 /* miOrdenAppDelegate_iPad.m */; };
		E8CFDEF313CDF09700F06E73 /* MainWindow_iPad.xib in Resources */ = {isa = PBXBuildFile; fileRef = E8CFDEF113CDF09700F06E73 /* MainWindow_iPad.xib */; };
		E8CFDEFA13CDF09700F06E73 /* UIKit.framework in Frameworks */ = {isa = PBXBuildFile; fileRef = E8CFDED413CDF09700F06E73 /* UIKit.framework */; };
		E8CFDEFB13CDF09700F06E73 /* Foundation.framework in Frameworks */ = {isa = PBXBuildFile; fileRef = E8CFDED613CDF09700F06E73 /* Foundation.framework */; };
		E8CFDEFC13CDF09700F06E73 /* CoreGraphics.framework in Frameworks */ = {isa = PBXBuildFile; fileRef = E8CFDED813CDF09700F06E73 /* CoreGraphics.framework */; };
		E8CFDF0413CDF09700F06E73 /* InfoPlist.strings in Resources */ = {isa = PBXBuildFile; fileRef = E8CFDF0213CDF09700F06E73 /* InfoPlist.strings */; };
		E8CFDF0713CDF09700F06E73 /* miOrdenTests.h in Resources */ = {isa = PBXBuildFile; fileRef = E8CFDF0613CDF09700F06E73 /* miOrdenTests.h */; };
		E8CFDF0913CDF09700F06E73 /* miOrdenTests.m in Sources */ = {isa = PBXBuildFile; fileRef = E8CFDF0813CDF09700F06E73 /* miOrdenTests.m */; };
		E8CFDF1D13CDF1AF00F06E73 /* VistaInicioSesion.m in Sources */ = {isa = PBXBuildFile; fileRef = E8CFDF1C13CDF1AF00F06E73 /* VistaInicioSesion.m */; };
		E8CFDF3313CDF38400F06E73 /* SCBadgeView.m in Sources */ = {isa = PBXBuildFile; fileRef = E8CFDF2213CDF38400F06E73 /* SCBadgeView.m */; };
		E8CFDF3413CDF38400F06E73 /* SCClassDefinition.m in Sources */ = {isa = PBXBuildFile; fileRef = E8CFDF2413CDF38400F06E73 /* SCClassDefinition.m */; };
		E8CFDF3513CDF38400F06E73 /* SCGlobals.m in Sources */ = {isa = PBXBuildFile; fileRef = E8CFDF2613CDF38400F06E73 /* SCGlobals.m */; };
		E8CFDF3613CDF38400F06E73 /* SCPropertyAttributes.m in Sources */ = {isa = PBXBuildFile; fileRef = E8CFDF2813CDF38400F06E73 /* SCPropertyAttributes.m */; };
		E8CFDF3713CDF38400F06E73 /* SCTableViewCell.m in Sources */ = {isa = PBXBuildFile; fileRef = E8CFDF2A13CDF38400F06E73 /* SCTableViewCell.m */; };
		E8CFDF3813CDF38400F06E73 /* SCTableViewController.m in Sources */ = {isa = PBXBuildFile; fileRef = E8CFDF2C13CDF38400F06E73 /* SCTableViewController.m */; };
		E8CFDF3913CDF38400F06E73 /* SCTableViewModel.m in Sources */ = {isa = PBXBuildFile; fileRef = E8CFDF2E13CDF38400F06E73 /* SCTableViewModel.m */; };
		E8CFDF3A13CDF38400F06E73 /* SCTableViewSection.m in Sources */ = {isa = PBXBuildFile; fileRef = E8CFDF3013CDF38400F06E73 /* SCTableViewSection.m */; };
		E8CFDF3B13CDF38400F06E73 /* SCViewController.m in Sources */ = {isa = PBXBuildFile; fileRef = E8CFDF3213CDF38400F06E73 /* SCViewController.m */; };
		E8CFDF4B13CE000300F06E73 /* VistaRegistro.m in Sources */ = {isa = PBXBuildFile; fileRef = E8CFDF4A13CE000300F06E73 /* VistaRegistro.m */; };
/* End PBXBuildFile section */

/* Begin PBXContainerItemProxy section */
		E8CFDEFD13CDF09700F06E73 /* PBXContainerItemProxy */ = {
			isa = PBXContainerItemProxy;
			containerPortal = E8CFDEC713CDF09700F06E73 /* Project object */;
			proxyType = 1;
			remoteGlobalIDString = E8CFDECF13CDF09700F06E73;
			remoteInfo = miOrden;
		};
/* End PBXContainerItemProxy section */

/* Begin PBXFileReference section */
		BC1D93FD13D234DB00B3CC94 /* ATPagingView.h */ = {isa = PBXFileReference; fileEncoding = 4; lastKnownFileType = sourcecode.c.h; path = ATPagingView.h; sourceTree = "<group>"; };
		BC1D93FE13D234DB00B3CC94 /* ATPagingView.m */ = {isa = PBXFileReference; fileEncoding = 4; lastKnownFileType = sourcecode.c.objc; path = ATPagingView.m; sourceTree = "<group>"; };
		BC1D942F13D247E600B3CC94 /* 06-magnify@2x.png */ = {isa = PBXFileReference; lastKnownFileType = image.png; path = "06-magnify@2x.png"; sourceTree = "<group>"; };
		BC1D943013D247E600B3CC94 /* 06-magnify.png */ = {isa = PBXFileReference; lastKnownFileType = image.png; path = "06-magnify.png"; sourceTree = "<group>"; };
		BC1D943313D2488D00B3CC94 /* 111-user.png */ = {isa = PBXFileReference; lastKnownFileType = image.png; path = "111-user.png"; sourceTree = "<group>"; };
		BC1D943413D2488D00B3CC94 /* 111-user@2x.png */ = {isa = PBXFileReference; lastKnownFileType = image.png; path = "111-user@2x.png"; sourceTree = "<group>"; };
		BC1D943713D2489800B3CC94 /* 80-shopping-cart@2x.png */ = {isa = PBXFileReference; lastKnownFileType = image.png; path = "80-shopping-cart@2x.png"; sourceTree = "<group>"; };
		BC1D943813D2489800B3CC94 /* 80-shopping-cart.png */ = {isa = PBXFileReference; lastKnownFileType = image.png; path = "80-shopping-cart.png"; sourceTree = "<group>"; };
		BC1D945413D25B3B00B3CC94 /* SDImageCache.h */ = {isa = PBXFileReference; fileEncoding = 4; lastKnownFileType = sourcecode.c.h; path = SDImageCache.h; sourceTree = "<group>"; };
		BC1D945513D25B3B00B3CC94 /* SDImageCache.m */ = {isa = PBXFileReference; fileEncoding = 4; lastKnownFileType = sourcecode.c.objc; path = SDImageCache.m; sourceTree = "<group>"; };
		BC1D945613D25B3B00B3CC94 /* SDImageCacheDelegate.h */ = {isa = PBXFileReference; fileEncoding = 4; lastKnownFileType = sourcecode.c.h; path = SDImageCacheDelegate.h; sourceTree = "<group>"; };
		BC1D945713D25B3B00B3CC94 /* SDWebImageCompat.h */ = {isa = PBXFileReference; fileEncoding = 4; lastKnownFileType = sourcecode.c.h; path = SDWebImageCompat.h; sourceTree = "<group>"; };
		BC1D945813D25B3B00B3CC94 /* SDWebImageDownloader.h */ = {isa = PBXFileReference; fileEncoding = 4; lastKnownFileType = sourcecode.c.h; path = SDWebImageDownloader.h; sourceTree = "<group>"; };
		BC1D945913D25B3B00B3CC94 /* SDWebImageDownloader.m */ = {isa = PBXFileReference; fileEncoding = 4; lastKnownFileType = sourcecode.c.objc; path = SDWebImageDownloader.m; sourceTree = "<group>"; };
		BC1D945A13D25B3B00B3CC94 /* SDWebImageDownloaderDelegate.h */ = {isa = PBXFileReference; fileEncoding = 4; lastKnownFileType = sourcecode.c.h; path = SDWebImageDownloaderDelegate.h; sourceTree = "<group>"; };
		BC1D945B13D25B3B00B3CC94 /* SDWebImageManager.h */ = {isa = PBXFileReference; fileEncoding = 4; lastKnownFileType = sourcecode.c.h; path = SDWebImageManager.h; sourceTree = "<group>"; };
		BC1D945C13D25B3B00B3CC94 /* SDWebImageManager.m */ = {isa = PBXFileReference; fileEncoding = 4; lastKnownFileType = sourcecode.c.objc; path = SDWebImageManager.m; sourceTree = "<group>"; };
		BC1D945D13D25B3B00B3CC94 /* SDWebImageManagerDelegate.h */ = {isa = PBXFileReference; fileEncoding = 4; lastKnownFileType = sourcecode.c.h; path = SDWebImageManagerDelegate.h; sourceTree = "<group>"; };
		BC1D945E13D25B3B00B3CC94 /* UIImageView+WebCache.h */ = {isa = PBXFileReference; fileEncoding = 4; lastKnownFileType = sourcecode.c.h; path = "UIImageView+WebCache.h"; sourceTree = "<group>"; };
		BC1D945F13D25B3B00B3CC94 /* UIImageView+WebCache.m */ = {isa = PBXFileReference; fileEncoding = 4; lastKnownFileType = sourcecode.c.objc; path = "UIImageView+WebCache.m"; sourceTree = "<group>"; };
		BC1D946513D25DE800B3CC94 /* amex.png */ = {isa = PBXFileReference; lastKnownFileType = image.png; path = amex.png; sourceTree = "<group>"; };
		BC1D946713D25DF100B3CC94 /* cash.png */ = {isa = PBXFileReference; lastKnownFileType = image.png; path = cash.png; sourceTree = "<group>"; };
		BC1D946913D25E1300B3CC94 /* mastercard.png */ = {isa = PBXFileReference; lastKnownFileType = image.png; path = mastercard.png; sourceTree = "<group>"; };
		BC1D946B13D25E1D00B3CC94 /* visa.png */ = {isa = PBXFileReference; lastKnownFileType = image.png; path = visa.png; sourceTree = "<group>"; };
		BCD60D8413CE96EC00DF55A6 /* MapKit.framework */ = {isa = PBXFileReference; lastKnownFileType = wrapper.framework; name = MapKit.framework; path = System/Library/Frameworks/MapKit.framework; sourceTree = SDKROOT; };
		BCFC66CC13EA0AC100846F19 /* placeholder-recipe-44.gif */ = {isa = PBXFileReference; lastKnownFileType = image.gif; path = "placeholder-recipe-44.gif"; sourceTree = "<group>"; };
		E805A98913CE24B900A96038 /* VistaCuentaPerfil.h */ = {isa = PBXFileReference; fileEncoding = 4; lastKnownFileType = sourcecode.c.h; path = VistaCuentaPerfil.h; sourceTree = "<group>"; };
		E805A98A13CE24B900A96038 /* VistaCuentaPerfil.m */ = {isa = PBXFileReference; fileEncoding = 4; lastKnownFileType = sourcecode.c.objc; path = VistaCuentaPerfil.m; sourceTree = "<group>"; };
		E805A98C13CE24E500A96038 /* VistaUnoOrden.h */ = {isa = PBXFileReference; fileEncoding = 4; lastKnownFileType = sourcecode.c.h; path = VistaUnoOrden.h; sourceTree = "<group>"; };
		E805A98D13CE24E500A96038 /* VistaUnoOrden.m */ = {isa = PBXFileReference; fileEncoding = 4; lastKnownFileType = sourcecode.c.objc; path = VistaUnoOrden.m; sourceTree = "<group>"; };
		E805A98E13CE24E500A96038 /* VistaUnoOrden.xib */ = {isa = PBXFileReference; fileEncoding = 4; lastKnownFileType = file.xib; path = VistaUnoOrden.xib; sourceTree = "<group>"; };
		E805A99113CE36E300A96038 /* VistaListaRestaurants.h */ = {isa = PBXFileReference; fileEncoding = 4; lastKnownFileType = sourcecode.c.h; path = VistaListaRestaurants.h; sourceTree = "<group>"; };
		E805A99213CE36E300A96038 /* VistaListaRestaurants.m */ = {isa = PBXFileReference; fileEncoding = 4; lastKnownFileType = sourcecode.c.objc; path = VistaListaRestaurants.m; sourceTree = "<group>"; };
		E805A99E13CE3F1100A96038 /* VistaDetalleRestaurant.h */ = {isa = PBXFileReference; fileEncoding = 4; lastKnownFileType = sourcecode.c.h; path = VistaDetalleRestaurant.h; sourceTree = "<group>"; };
		E805A99F13CE3F1100A96038 /* VistaDetalleRestaurant.m */ = {isa = PBXFileReference; fileEncoding = 4; lastKnownFileType = sourcecode.c.objc; path = VistaDetalleRestaurant.m; sourceTree = "<group>"; };
		E805A9A013CE3F1100A96038 /* VistaDetalleRestaurant.xib */ = {isa = PBXFileReference; fileEncoding = 4; lastKnownFileType = file.xib; path = VistaDetalleRestaurant.xib; sourceTree = "<group>"; };
		E805A9A813CE4B2400A96038 /* VistaListaDirecciones.h */ = {isa = PBXFileReference; fileEncoding = 4; lastKnownFileType = sourcecode.c.h; path = VistaListaDirecciones.h; sourceTree = "<group>"; };
		E805A9A913CE4B2400A96038 /* VistaListaDirecciones.m */ = {isa = PBXFileReference; fileEncoding = 4; lastKnownFileType = sourcecode.c.objc; path = VistaListaDirecciones.m; sourceTree = "<group>"; };
		E805A9AB13CE4C9100A96038 /* VistaListaRFC.h */ = {isa = PBXFileReference; fileEncoding = 4; lastKnownFileType = sourcecode.c.h; path = VistaListaRFC.h; sourceTree = "<group>"; };
		E805A9AC13CE4C9100A96038 /* VistaListaRFC.m */ = {isa = PBXFileReference; fileEncoding = 4; lastKnownFileType = sourcecode.c.objc; path = VistaListaRFC.m; sourceTree = "<group>"; };
		E805A9B113CE505E00A96038 /* VistaNuevaDir.h */ = {isa = PBXFileReference; fileEncoding = 4; lastKnownFileType = sourcecode.c.h; path = VistaNuevaDir.h; sourceTree = "<group>"; };
		E805A9B213CE505E00A96038 /* VistaNuevaDir.m */ = {isa = PBXFileReference; fileEncoding = 4; lastKnownFileType = sourcecode.c.objc; path = VistaNuevaDir.m; sourceTree = "<group>"; };
		E805A9B413CE540900A96038 /* VistaNuevoRFC.h */ = {isa = PBXFileReference; fileEncoding = 4; lastKnownFileType = sourcecode.c.h; path = VistaNuevoRFC.h; sourceTree = "<group>"; };
		E805A9B513CE540900A96038 /* VistaNuevoRFC.m */ = {isa = PBXFileReference; fileEncoding = 4; lastKnownFileType = sourcecode.c.objc; path = VistaNuevoRFC.m; sourceTree = "<group>"; };
		E861897613CF414E003BA7AE /* VistaMenu.h */ = {isa = PBXFileReference; fileEncoding = 4; lastKnownFileType = sourcecode.c.h; path = VistaMenu.h; sourceTree = "<group>"; };
		E861897713CF414E003BA7AE /* VistaMenu.m */ = {isa = PBXFileReference; fileEncoding = 4; lastKnownFileType = sourcecode.c.objc; path = VistaMenu.m; sourceTree = "<group>"; };
		E861897813CF414E003BA7AE /* VistaMenu.xib */ = {isa = PBXFileReference; fileEncoding = 4; lastKnownFileType = file.xib; path = VistaMenu.xib; sourceTree = "<group>"; };
		E890A7FC13CF6F96001B9291 /* MapKit.framework */ = {isa = PBXFileReference; lastKnownFileType = wrapper.framework; name = MapKit.framework; path = System/Library/Frameworks/MapKit.framework; sourceTree = SDKROOT; };
		E890A80013CF7386001B9291 /* VistaResumen.h */ = {isa = PBXFileReference; fileEncoding = 4; lastKnownFileType = sourcecode.c.h; path = VistaResumen.h; sourceTree = "<group>"; };
		E890A80113CF7386001B9291 /* VistaResumen.m */ = {isa = PBXFileReference; fileEncoding = 4; lastKnownFileType = sourcecode.c.objc; path = VistaResumen.m; sourceTree = "<group>"; };
		E890A80313CF75F9001B9291 /* VistaTicket.h */ = {isa = PBXFileReference; fileEncoding = 4; lastKnownFileType = sourcecode.c.h; path = VistaTicket.h; sourceTree = "<group>"; };
		E890A80413CF75F9001B9291 /* VistaTicket.m */ = {isa = PBXFileReference; fileEncoding = 4; lastKnownFileType = sourcecode.c.objc; path = VistaTicket.m; sourceTree = "<group>"; };
		E899AFE113D4AEC600B688A7 /* VistaResenias.h */ = {isa = PBXFileReference; fileEncoding = 4; lastKnownFileType = sourcecode.c.h; path = VistaResenias.h; sourceTree = "<group>"; };
		E899AFE213D4AEC600B688A7 /* VistaResenias.m */ = {isa = PBXFileReference; fileEncoding = 4; lastKnownFileType = sourcecode.c.objc; path = VistaResenias.m; sourceTree = "<group>"; };
		E8B8107C13D109A600BF03B8 /* VistaCarrito.h */ = {isa = PBXFileReference; fileEncoding = 4; lastKnownFileType = sourcecode.c.h; path = VistaCarrito.h; sourceTree = "<group>"; };
		E8B8107D13D109A600BF03B8 /* VistaCarrito.m */ = {isa = PBXFileReference; fileEncoding = 4; lastKnownFileType = sourcecode.c.objc; path = VistaCarrito.m; sourceTree = "<group>"; };
		E8B8107E13D109A600BF03B8 /* VistaCarrito.xib */ = {isa = PBXFileReference; fileEncoding = 4; lastKnownFileType = file.xib; path = VistaCarrito.xib; sourceTree = "<group>"; };
		E8B8108413D10E3800BF03B8 /* VistaFormaCheckOut.h */ = {isa = PBXFileReference; fileEncoding = 4; lastKnownFileType = sourcecode.c.h; path = VistaFormaCheckOut.h; sourceTree = "<group>"; };
		E8B8108513D10E3800BF03B8 /* VistaFormaCheckOut.m */ = {isa = PBXFileReference; fileEncoding = 4; lastKnownFileType = sourcecode.c.objc; path = VistaFormaCheckOut.m; sourceTree = "<group>"; };
		E8C3410813E9E0510071B12D /* XMLThreadedParser.h */ = {isa = PBXFileReference; fileEncoding = 4; lastKnownFileType = sourcecode.c.h; path = XMLThreadedParser.h; sourceTree = "<group>"; };
		E8C3410913E9E0510071B12D /* XMLThreadedParser.m */ = {isa = PBXFileReference; fileEncoding = 4; lastKnownFileType = sourcecode.c.objc; path = XMLThreadedParser.m; sourceTree = "<group>"; };
		E8C3410B13E9E0640071B12D /* CXMLDocument_CreationExtensions.h */ = {isa = PBXFileReference; fileEncoding = 4; lastKnownFileType = sourcecode.c.h; path = CXMLDocument_CreationExtensions.h; sourceTree = "<group>"; };
		E8C3410C13E9E0640071B12D /* CXMLDocument_CreationExtensions.m */ = {isa = PBXFileReference; fileEncoding = 4; lastKnownFileType = sourcecode.c.objc; path = CXMLDocument_CreationExtensions.m; sourceTree = "<group>"; };
		E8C3410D13E9E0640071B12D /* CXMLNode_CreationExtensions.h */ = {isa = PBXFileReference; fileEncoding = 4; lastKnownFileType = sourcecode.c.h; path = CXMLNode_CreationExtensions.h; sourceTree = "<group>"; };
		E8C3410E13E9E0640071B12D /* CXMLNode_CreationExtensions.m */ = {isa = PBXFileReference; fileEncoding = 4; lastKnownFileType = sourcecode.c.objc; path = CXMLNode_CreationExtensions.m; sourceTree = "<group>"; };
		E8C3410F13E9E0640071B12D /* CXHTMLDocument.h */ = {isa = PBXFileReference; fileEncoding = 4; lastKnownFileType = sourcecode.c.h; path = CXHTMLDocument.h; sourceTree = "<group>"; };
		E8C3411013E9E0640071B12D /* CXHTMLDocument.m */ = {isa = PBXFileReference; fileEncoding = 4; lastKnownFileType = sourcecode.c.objc; path = CXHTMLDocument.m; sourceTree = "<group>"; };
		E8C3411113E9E0640071B12D /* CXMLDocument.h */ = {isa = PBXFileReference; fileEncoding = 4; lastKnownFileType = sourcecode.c.h; path = CXMLDocument.h; sourceTree = "<group>"; };
		E8C3411213E9E0640071B12D /* CXMLDocument.m */ = {isa = PBXFileReference; fileEncoding = 4; lastKnownFileType = sourcecode.c.objc; path = CXMLDocument.m; sourceTree = "<group>"; };
		E8C3411313E9E0640071B12D /* CXMLDocument_PrivateExtensions.h */ = {isa = PBXFileReference; fileEncoding = 4; lastKnownFileType = sourcecode.c.h; path = CXMLDocument_PrivateExtensions.h; sourceTree = "<group>"; };
		E8C3411413E9E0640071B12D /* CXMLDocument_PrivateExtensions.m */ = {isa = PBXFileReference; fileEncoding = 4; lastKnownFileType = sourcecode.c.objc; path = CXMLDocument_PrivateExtensions.m; sourceTree = "<group>"; };
		E8C3411513E9E0640071B12D /* CXMLElement.h */ = {isa = PBXFileReference; fileEncoding = 4; lastKnownFileType = sourcecode.c.h; path = CXMLElement.h; sourceTree = "<group>"; };
		E8C3411613E9E0640071B12D /* CXMLElement.m */ = {isa = PBXFileReference; fileEncoding = 4; lastKnownFileType = sourcecode.c.objc; path = CXMLElement.m; sourceTree = "<group>"; };
		E8C3411713E9E0640071B12D /* CXMLElement_CreationExtensions.h */ = {isa = PBXFileReference; fileEncoding = 4; lastKnownFileType = sourcecode.c.h; path = CXMLElement_CreationExtensions.h; sourceTree = "<group>"; };
		E8C3411813E9E0640071B12D /* CXMLElement_CreationExtensions.m */ = {isa = PBXFileReference; fileEncoding = 4; lastKnownFileType = sourcecode.c.objc; path = CXMLElement_CreationExtensions.m; sourceTree = "<group>"; };
		E8C3411913E9E0640071B12D /* CXMLElement_ElementTreeExtensions.h */ = {isa = PBXFileReference; fileEncoding = 4; lastKnownFileType = sourcecode.c.h; path = CXMLElement_ElementTreeExtensions.h; sourceTree = "<group>"; };
		E8C3411A13E9E0640071B12D /* CXMLElement_ElementTreeExtensions.m */ = {isa = PBXFileReference; fileEncoding = 4; lastKnownFileType = sourcecode.c.objc; path = CXMLElement_ElementTreeExtensions.m; sourceTree = "<group>"; };
		E8C3411B13E9E0640071B12D /* CXMLNamespaceNode.h */ = {isa = PBXFileReference; fileEncoding = 4; lastKnownFileType = sourcecode.c.h; path = CXMLNamespaceNode.h; sourceTree = "<group>"; };
		E8C3411C13E9E0640071B12D /* CXMLNamespaceNode.m */ = {isa = PBXFileReference; fileEncoding = 4; lastKnownFileType = sourcecode.c.objc; path = CXMLNamespaceNode.m; sourceTree = "<group>"; };
		E8C3411D13E9E0640071B12D /* CXMLNode.h */ = {isa = PBXFileReference; fileEncoding = 4; lastKnownFileType = sourcecode.c.h; path = CXMLNode.h; sourceTree = "<group>"; };
		E8C3411E13E9E0640071B12D /* CXMLNode.m */ = {isa = PBXFileReference; fileEncoding = 4; lastKnownFileType = sourcecode.c.objc; path = CXMLNode.m; sourceTree = "<group>"; };
		E8C3411F13E9E0640071B12D /* CXMLNode_PrivateExtensions.h */ = {isa = PBXFileReference; fileEncoding = 4; lastKnownFileType = sourcecode.c.h; path = CXMLNode_PrivateExtensions.h; sourceTree = "<group>"; };
		E8C3412013E9E0640071B12D /* CXMLNode_PrivateExtensions.m */ = {isa = PBXFileReference; fileEncoding = 4; lastKnownFileType = sourcecode.c.objc; path = CXMLNode_PrivateExtensions.m; sourceTree = "<group>"; };
		E8C3412113E9E0640071B12D /* CXMLNode_XPathExtensions.h */ = {isa = PBXFileReference; fileEncoding = 4; lastKnownFileType = sourcecode.c.h; path = CXMLNode_XPathExtensions.h; sourceTree = "<group>"; };
		E8C3412213E9E0640071B12D /* CXMLNode_XPathExtensions.m */ = {isa = PBXFileReference; fileEncoding = 4; lastKnownFileType = sourcecode.c.objc; path = CXMLNode_XPathExtensions.m; sourceTree = "<group>"; };
		E8C3412313E9E0640071B12D /* CTidy.h */ = {isa = PBXFileReference; fileEncoding = 4; lastKnownFileType = sourcecode.c.h; path = CTidy.h; sourceTree = "<group>"; };
		E8C3412413E9E0640071B12D /* CTidy.m */ = {isa = PBXFileReference; fileEncoding = 4; lastKnownFileType = sourcecode.c.objc; path = CTidy.m; sourceTree = "<group>"; };
		E8C3412513E9E0640071B12D /* TouchXML.h */ = {isa = PBXFileReference; fileEncoding = 4; lastKnownFileType = sourcecode.c.h; path = TouchXML.h; sourceTree = "<group>"; };
		E8C3413413E9F12B0071B12D /* abierto.png */ = {isa = PBXFileReference; lastKnownFileType = image.png; path = abierto.png; sourceTree = "<group>"; };
		E8C3413613E9F1330071B12D /* cerado.png */ = {isa = PBXFileReference; lastKnownFileType = image.png; path = cerado.png; sourceTree = "<group>"; };
		E8C3413813E9F13A0071B12D /* estrellitas.png */ = {isa = PBXFileReference; lastKnownFileType = image.png; path = estrellitas.png; sourceTree = "<group>"; };
		E8CFDED013CDF09700F06E73 /* miOrden.app */ = {isa = PBXFileReference; explicitFileType = wrapper.application; includeInIndex = 0; path = miOrden.app; sourceTree = BUILT_PRODUCTS_DIR; };
		E8CFDED413CDF09700F06E73 /* UIKit.framework */ = {isa = PBXFileReference; lastKnownFileType = wrapper.framework; name = UIKit.framework; path = System/Library/Frameworks/UIKit.framework; sourceTree = SDKROOT; };
		E8CFDED613CDF09700F06E73 /* Foundation.framework */ = {isa = PBXFileReference; lastKnownFileType = wrapper.framework; name = Foundation.framework; path = System/Library/Frameworks/Foundation.framework; sourceTree = SDKROOT; };
		E8CFDED813CDF09700F06E73 /* CoreGraphics.framework */ = {isa = PBXFileReference; lastKnownFileType = wrapper.framework; name = CoreGraphics.framework; path = System/Library/Frameworks/CoreGraphics.framework; sourceTree = SDKROOT; };
		E8CFDEDC13CDF09700F06E73 /* miOrden-Info.plist */ = {isa = PBXFileReference; lastKnownFileType = text.plist.xml; path = "miOrden-Info.plist"; sourceTree = "<group>"; };
		E8CFDEDE13CDF09700F06E73 /* en */ = {isa = PBXFileReference; lastKnownFileType = text.plist.strings; name = en; path = en.lproj/InfoPlist.strings; sourceTree = "<group>"; };
		E8CFDEE013CDF09700F06E73 /* miOrden-Prefix.pch */ = {isa = PBXFileReference; lastKnownFileType = sourcecode.c.h; path = "miOrden-Prefix.pch"; sourceTree = "<group>"; };
		E8CFDEE113CDF09700F06E73 /* main.m */ = {isa = PBXFileReference; lastKnownFileType = sourcecode.c.objc; path = main.m; sourceTree = "<group>"; };
		E8CFDEE313CDF09700F06E73 /* miOrdenAppDelegate.h */ = {isa = PBXFileReference; lastKnownFileType = sourcecode.c.h; path = miOrdenAppDelegate.h; sourceTree = "<group>"; };
		E8CFDEE413CDF09700F06E73 /* miOrdenAppDelegate.m */ = {isa = PBXFileReference; lastKnownFileType = sourcecode.c.objc; path = miOrdenAppDelegate.m; sourceTree = "<group>"; };
		E8CFDEE713CDF09700F06E73 /* miOrdenAppDelegate_iPhone.h */ = {isa = PBXFileReference; lastKnownFileType = sourcecode.c.h; name = miOrdenAppDelegate_iPhone.h; path = iPhone/miOrdenAppDelegate_iPhone.h; sourceTree = "<group>"; };
		E8CFDEE813CDF09700F06E73 /* miOrdenAppDelegate_iPhone.m */ = {isa = PBXFileReference; lastKnownFileType = sourcecode.c.objc; name = miOrdenAppDelegate_iPhone.m; path = iPhone/miOrdenAppDelegate_iPhone.m; sourceTree = "<group>"; };
		E8CFDEEB13CDF09700F06E73 /* en */ = {isa = PBXFileReference; lastKnownFileType = file.xib; name = en; path = iPhone/en.lproj/MainWindow_iPhone.xib; sourceTree = "<group>"; };
		E8CFDEEE13CDF09700F06E73 /* miOrdenAppDelegate_iPad.h */ = {isa = PBXFileReference; lastKnownFileType = sourcecode.c.h; name = miOrdenAppDelegate_iPad.h; path = iPad/miOrdenAppDelegate_iPad.h; sourceTree = "<group>"; };
		E8CFDEEF13CDF09700F06E73 /* miOrdenAppDelegate_iPad.m */ = {isa = PBXFileReference; lastKnownFileType = sourcecode.c.objc; name = miOrdenAppDelegate_iPad.m; path = iPad/miOrdenAppDelegate_iPad.m; sourceTree = "<group>"; };
		E8CFDEF213CDF09700F06E73 /* en */ = {isa = PBXFileReference; lastKnownFileType = file.xib; name = en; path = iPad/en.lproj/MainWindow_iPad.xib; sourceTree = "<group>"; };
		E8CFDEF913CDF09700F06E73 /* miOrdenTests.octest */ = {isa = PBXFileReference; explicitFileType = wrapper.cfbundle; includeInIndex = 0; path = miOrdenTests.octest; sourceTree = BUILT_PRODUCTS_DIR; };
		E8CFDF0113CDF09700F06E73 /* miOrdenTests-Info.plist */ = {isa = PBXFileReference; lastKnownFileType = text.plist.xml; path = "miOrdenTests-Info.plist"; sourceTree = "<group>"; };
		E8CFDF0313CDF09700F06E73 /* en */ = {isa = PBXFileReference; lastKnownFileType = text.plist.strings; name = en; path = en.lproj/InfoPlist.strings; sourceTree = "<group>"; };
		E8CFDF0513CDF09700F06E73 /* miOrdenTests-Prefix.pch */ = {isa = PBXFileReference; lastKnownFileType = sourcecode.c.h; path = "miOrdenTests-Prefix.pch"; sourceTree = "<group>"; };
		E8CFDF0613CDF09700F06E73 /* miOrdenTests.h */ = {isa = PBXFileReference; lastKnownFileType = sourcecode.c.h; path = miOrdenTests.h; sourceTree = "<group>"; };
		E8CFDF0813CDF09700F06E73 /* miOrdenTests.m */ = {isa = PBXFileReference; lastKnownFileType = sourcecode.c.objc; path = miOrdenTests.m; sourceTree = "<group>"; };
		E8CFDF1B13CDF1AF00F06E73 /* VistaInicioSesion.h */ = {isa = PBXFileReference; fileEncoding = 4; lastKnownFileType = sourcecode.c.h; path = VistaInicioSesion.h; sourceTree = "<group>"; };
		E8CFDF1C13CDF1AF00F06E73 /* VistaInicioSesion.m */ = {isa = PBXFileReference; fileEncoding = 4; lastKnownFileType = sourcecode.c.objc; path = VistaInicioSesion.m; sourceTree = "<group>"; };
		E8CFDF2113CDF38400F06E73 /* SCBadgeView.h */ = {isa = PBXFileReference; fileEncoding = 4; lastKnownFileType = sourcecode.c.h; path = SCBadgeView.h; sourceTree = "<group>"; };
		E8CFDF2213CDF38400F06E73 /* SCBadgeView.m */ = {isa = PBXFileReference; fileEncoding = 4; lastKnownFileType = sourcecode.c.objc; path = SCBadgeView.m; sourceTree = "<group>"; };
		E8CFDF2313CDF38400F06E73 /* SCClassDefinition.h */ = {isa = PBXFileReference; fileEncoding = 4; lastKnownFileType = sourcecode.c.h; path = SCClassDefinition.h; sourceTree = "<group>"; };
		E8CFDF2413CDF38400F06E73 /* SCClassDefinition.m */ = {isa = PBXFileReference; fileEncoding = 4; lastKnownFileType = sourcecode.c.objc; path = SCClassDefinition.m; sourceTree = "<group>"; };
		E8CFDF2513CDF38400F06E73 /* SCGlobals.h */ = {isa = PBXFileReference; fileEncoding = 4; lastKnownFileType = sourcecode.c.h; path = SCGlobals.h; sourceTree = "<group>"; };
		E8CFDF2613CDF38400F06E73 /* SCGlobals.m */ = {isa = PBXFileReference; fileEncoding = 4; lastKnownFileType = sourcecode.c.objc; path = SCGlobals.m; sourceTree = "<group>"; };
		E8CFDF2713CDF38400F06E73 /* SCPropertyAttributes.h */ = {isa = PBXFileReference; fileEncoding = 4; lastKnownFileType = sourcecode.c.h; path = SCPropertyAttributes.h; sourceTree = "<group>"; };
		E8CFDF2813CDF38400F06E73 /* SCPropertyAttributes.m */ = {isa = PBXFileReference; fileEncoding = 4; lastKnownFileType = sourcecode.c.objc; path = SCPropertyAttributes.m; sourceTree = "<group>"; };
		E8CFDF2913CDF38400F06E73 /* SCTableViewCell.h */ = {isa = PBXFileReference; fileEncoding = 4; lastKnownFileType = sourcecode.c.h; path = SCTableViewCell.h; sourceTree = "<group>"; };
		E8CFDF2A13CDF38400F06E73 /* SCTableViewCell.m */ = {isa = PBXFileReference; fileEncoding = 4; lastKnownFileType = sourcecode.c.objc; path = SCTableViewCell.m; sourceTree = "<group>"; };
		E8CFDF2B13CDF38400F06E73 /* SCTableViewController.h */ = {isa = PBXFileReference; fileEncoding = 4; lastKnownFileType = sourcecode.c.h; path = SCTableViewController.h; sourceTree = "<group>"; };
		E8CFDF2C13CDF38400F06E73 /* SCTableViewController.m */ = {isa = PBXFileReference; fileEncoding = 4; lastKnownFileType = sourcecode.c.objc; path = SCTableViewController.m; sourceTree = "<group>"; };
		E8CFDF2D13CDF38400F06E73 /* SCTableViewModel.h */ = {isa = PBXFileReference; fileEncoding = 4; lastKnownFileType = sourcecode.c.h; path = SCTableViewModel.h; sourceTree = "<group>"; };
		E8CFDF2E13CDF38400F06E73 /* SCTableViewModel.m */ = {isa = PBXFileReference; fileEncoding = 4; lastKnownFileType = sourcecode.c.objc; path = SCTableViewModel.m; sourceTree = "<group>"; };
		E8CFDF2F13CDF38400F06E73 /* SCTableViewSection.h */ = {isa = PBXFileReference; fileEncoding = 4; lastKnownFileType = sourcecode.c.h; path = SCTableViewSection.h; sourceTree = "<group>"; };
		E8CFDF3013CDF38400F06E73 /* SCTableViewSection.m */ = {isa = PBXFileReference; fileEncoding = 4; lastKnownFileType = sourcecode.c.objc; path = SCTableViewSection.m; sourceTree = "<group>"; };
		E8CFDF3113CDF38400F06E73 /* SCViewController.h */ = {isa = PBXFileReference; fileEncoding = 4; lastKnownFileType = sourcecode.c.h; path = SCViewController.h; sourceTree = "<group>"; };
		E8CFDF3213CDF38400F06E73 /* SCViewController.m */ = {isa = PBXFileReference; fileEncoding = 4; lastKnownFileType = sourcecode.c.objc; path = SCViewController.m; sourceTree = "<group>"; };
		E8CFDF4913CE000300F06E73 /* VistaRegistro.h */ = {isa = PBXFileReference; fileEncoding = 4; lastKnownFileType = sourcecode.c.h; path = VistaRegistro.h; sourceTree = "<group>"; };
		E8CFDF4A13CE000300F06E73 /* VistaRegistro.m */ = {isa = PBXFileReference; fileEncoding = 4; lastKnownFileType = sourcecode.c.objc; path = VistaRegistro.m; sourceTree = "<group>"; };
/* End PBXFileReference section */

/* Begin PBXFrameworksBuildPhase section */
		E8CFDECD13CDF09700F06E73 /* Frameworks */ = {
			isa = PBXFrameworksBuildPhase;
			buildActionMask = 2147483647;
			files = (
				E890A7FD13CF6F96001B9291 /* MapKit.framework in Frameworks */,
				E8CFDED513CDF09700F06E73 /* UIKit.framework in Frameworks */,
				E8CFDED713CDF09700F06E73 /* Foundation.framework in Frameworks */,
				E8CFDED913CDF09700F06E73 /* CoreGraphics.framework in Frameworks */,
			);
			runOnlyForDeploymentPostprocessing = 0;
		};
		E8CFDEF513CDF09700F06E73 /* Frameworks */ = {
			isa = PBXFrameworksBuildPhase;
			buildActionMask = 2147483647;
			files = (
				E8CFDEFA13CDF09700F06E73 /* UIKit.framework in Frameworks */,
				E8CFDEFB13CDF09700F06E73 /* Foundation.framework in Frameworks */,
				E8CFDEFC13CDF09700F06E73 /* CoreGraphics.framework in Frameworks */,
			);
			runOnlyForDeploymentPostprocessing = 0;
		};
/* End PBXFrameworksBuildPhase section */

/* Begin PBXGroup section */
		BC1D93FC13D234DB00B3CC94 /* ATPagingView */ = {
			isa = PBXGroup;
			children = (
				BC1D93FD13D234DB00B3CC94 /* ATPagingView.h */,
				BC1D93FE13D234DB00B3CC94 /* ATPagingView.m */,
			);
			path = ATPagingView;
			sourceTree = "<group>";
		};
		BC1D942D13D247D300B3CC94 /* Images */ = {
			isa = PBXGroup;
			children = (
				E8C3413313E9F0C50071B12D /* Otras */,
				BC1D946413D25DDD00B3CC94 /* Tarjetas */,
				BC1D942E13D247D900B3CC94 /* TabBarImages */,
			);
			name = Images;
			sourceTree = "<group>";
		};
		BC1D942E13D247D900B3CC94 /* TabBarImages */ = {
			isa = PBXGroup;
			children = (
				BC1D943713D2489800B3CC94 /* 80-shopping-cart@2x.png */,
				BC1D943813D2489800B3CC94 /* 80-shopping-cart.png */,
				BC1D943313D2488D00B3CC94 /* 111-user.png */,
				BC1D943413D2488D00B3CC94 /* 111-user@2x.png */,
				BC1D942F13D247E600B3CC94 /* 06-magnify@2x.png */,
				BC1D943013D247E600B3CC94 /* 06-magnify.png */,
			);
			name = TabBarImages;
			sourceTree = "<group>";
		};
		BC1D943B13D249B600B3CC94 /* Primera vista orden */ = {
			isa = PBXGroup;
			children = (
				E805A98C13CE24E500A96038 /* VistaUnoOrden.h */,
				E805A98D13CE24E500A96038 /* VistaUnoOrden.m */,
				E805A98E13CE24E500A96038 /* VistaUnoOrden.xib */,
			);
			name = "Primera vista orden";
			sourceTree = "<group>";
		};
		BC1D944413D250EA00B3CC94 /* Vista Detalle Restaurant */ = {
			isa = PBXGroup;
			children = (
				E805A99E13CE3F1100A96038 /* VistaDetalleRestaurant.h */,
				E805A99F13CE3F1100A96038 /* VistaDetalleRestaurant.m */,
				E805A9A013CE3F1100A96038 /* VistaDetalleRestaurant.xib */,
			);
			name = "Vista Detalle Restaurant";
			sourceTree = "<group>";
		};
		BC1D945313D25AF500B3CC94 /* SDWebImageVIew */ = {
			isa = PBXGroup;
			children = (
				BC1D945413D25B3B00B3CC94 /* SDImageCache.h */,
				BC1D945513D25B3B00B3CC94 /* SDImageCache.m */,
				BC1D945613D25B3B00B3CC94 /* SDImageCacheDelegate.h */,
				BC1D945713D25B3B00B3CC94 /* SDWebImageCompat.h */,
				BC1D945813D25B3B00B3CC94 /* SDWebImageDownloader.h */,
				BC1D945913D25B3B00B3CC94 /* SDWebImageDownloader.m */,
				BC1D945A13D25B3B00B3CC94 /* SDWebImageDownloaderDelegate.h */,
				BC1D945B13D25B3B00B3CC94 /* SDWebImageManager.h */,
				BC1D945C13D25B3B00B3CC94 /* SDWebImageManager.m */,
				BC1D945D13D25B3B00B3CC94 /* SDWebImageManagerDelegate.h */,
				BC1D945E13D25B3B00B3CC94 /* UIImageView+WebCache.h */,
				BC1D945F13D25B3B00B3CC94 /* UIImageView+WebCache.m */,
			);
			name = SDWebImageVIew;
			sourceTree = "<group>";
		};
		BC1D946413D25DDD00B3CC94 /* Tarjetas */ = {
			isa = PBXGroup;
			children = (
				BC1D946B13D25E1D00B3CC94 /* visa.png */,
				BC1D946913D25E1300B3CC94 /* mastercard.png */,
				BC1D946713D25DF100B3CC94 /* cash.png */,
				BC1D946513D25DE800B3CC94 /* amex.png */,
			);
			name = Tarjetas;
			sourceTree = "<group>";
		};
		E805A98413CE245D00A96038 /* Shared Classes */ = {
			isa = PBXGroup;
			children = (
				E8D6DFAD13D4AA1C00ED7B9B /* Reseñas */,
				E8B8107513D1095700BF03B8 /* Carrito */,
				E890A7FF13CF7343001B9291 /* Resumen */,
				E805A98813CE249000A96038 /* Orden */,
				E805A98713CE248000A96038 /* Perfil y Cuenta */,
				E805A98613CE246900A96038 /* Vista Inicio Sesion */,
			);
			name = "Shared Classes";
			sourceTree = "<group>";
		};
		E805A98613CE246900A96038 /* Vista Inicio Sesion */ = {
			isa = PBXGroup;
			children = (
				E8CFDF1B13CDF1AF00F06E73 /* VistaInicioSesion.h */,
				E8CFDF1C13CDF1AF00F06E73 /* VistaInicioSesion.m */,
				E8CFDF4913CE000300F06E73 /* VistaRegistro.h */,
				E8CFDF4A13CE000300F06E73 /* VistaRegistro.m */,
			);
			name = "Vista Inicio Sesion";
			sourceTree = "<group>";
		};
		E805A98713CE248000A96038 /* Perfil y Cuenta */ = {
			isa = PBXGroup;
			children = (
				E805A98913CE24B900A96038 /* VistaCuentaPerfil.h */,
				E805A98A13CE24B900A96038 /* VistaCuentaPerfil.m */,
				E805A9A813CE4B2400A96038 /* VistaListaDirecciones.h */,
				E805A9A913CE4B2400A96038 /* VistaListaDirecciones.m */,
				E805A9AB13CE4C9100A96038 /* VistaListaRFC.h */,
				E805A9AC13CE4C9100A96038 /* VistaListaRFC.m */,
				E805A9B113CE505E00A96038 /* VistaNuevaDir.h */,
				E805A9B213CE505E00A96038 /* VistaNuevaDir.m */,
				E805A9B413CE540900A96038 /* VistaNuevoRFC.h */,
				E805A9B513CE540900A96038 /* VistaNuevoRFC.m */,
			);
			name = "Perfil y Cuenta";
			sourceTree = "<group>";
		};
		E805A98813CE249000A96038 /* Orden */ = {
			isa = PBXGroup;
			children = (
				E806932313D64C6800EF4EFE /* Vista Listas Restaurant */,
				E861897413CF4125003BA7AE /* Menu */,
				BC1D943B13D249B600B3CC94 /* Primera vista orden */,
				BC1D944413D250EA00B3CC94 /* Vista Detalle Restaurant */,
			);
			name = Orden;
			sourceTree = "<group>";
		};
		E806932313D64C6800EF4EFE /* Vista Listas Restaurant */ = {
			isa = PBXGroup;
			children = (
				E805A99113CE36E300A96038 /* VistaListaRestaurants.h */,
				E805A99213CE36E300A96038 /* VistaListaRestaurants.m */,
			);
			name = "Vista Listas Restaurant";
			sourceTree = "<group>";
		};
		E861897413CF4125003BA7AE /* Menu */ = {
			isa = PBXGroup;
			children = (
				E861897613CF414E003BA7AE /* VistaMenu.h */,
				E861897713CF414E003BA7AE /* VistaMenu.m */,
				E861897813CF414E003BA7AE /* VistaMenu.xib */,
			);
			name = Menu;
			sourceTree = "<group>";
		};
		E890A7FF13CF7343001B9291 /* Resumen */ = {
			isa = PBXGroup;
			children = (
				E890A80013CF7386001B9291 /* VistaResumen.h */,
				E890A80113CF7386001B9291 /* VistaResumen.m */,
				E890A80313CF75F9001B9291 /* VistaTicket.h */,
				E890A80413CF75F9001B9291 /* VistaTicket.m */,
			);
			name = Resumen;
			sourceTree = "<group>";
		};
		E8B8107513D1095700BF03B8 /* Carrito */ = {
			isa = PBXGroup;
			children = (
				E8B8107C13D109A600BF03B8 /* VistaCarrito.h */,
				E8B8107D13D109A600BF03B8 /* VistaCarrito.m */,
				E8B8107E13D109A600BF03B8 /* VistaCarrito.xib */,
				E8B8108413D10E3800BF03B8 /* VistaFormaCheckOut.h */,
				E8B8108513D10E3800BF03B8 /* VistaFormaCheckOut.m */,
			);
			name = Carrito;
			sourceTree = "<group>";
		};
		E8C3410413E9E0120071B12D /* XML Paser */ = {
			isa = PBXGroup;
			children = (
				E8C3410713E9E03F0071B12D /* Parser */,
				E8C3410613E9E03A0071B12D /* Touch XML */,
			);
			name = "XML Paser";
			sourceTree = "<group>";
		};
		E8C3410613E9E03A0071B12D /* Touch XML */ = {
			isa = PBXGroup;
			children = (
				E8C3410B13E9E0640071B12D /* CXMLDocument_CreationExtensions.h */,
				E8C3410C13E9E0640071B12D /* CXMLDocument_CreationExtensions.m */,
				E8C3410D13E9E0640071B12D /* CXMLNode_CreationExtensions.h */,
				E8C3410E13E9E0640071B12D /* CXMLNode_CreationExtensions.m */,
				E8C3410F13E9E0640071B12D /* CXHTMLDocument.h */,
				E8C3411013E9E0640071B12D /* CXHTMLDocument.m */,
				E8C3411113E9E0640071B12D /* CXMLDocument.h */,
				E8C3411213E9E0640071B12D /* CXMLDocument.m */,
				E8C3411313E9E0640071B12D /* CXMLDocument_PrivateExtensions.h */,
				E8C3411413E9E0640071B12D /* CXMLDocument_PrivateExtensions.m */,
				E8C3411513E9E0640071B12D /* CXMLElement.h */,
				E8C3411613E9E0640071B12D /* CXMLElement.m */,
				E8C3411713E9E0640071B12D /* CXMLElement_CreationExtensions.h */,
				E8C3411813E9E0640071B12D /* CXMLElement_CreationExtensions.m */,
				E8C3411913E9E0640071B12D /* CXMLElement_ElementTreeExtensions.h */,
				E8C3411A13E9E0640071B12D /* CXMLElement_ElementTreeExtensions.m */,
				E8C3411B13E9E0640071B12D /* CXMLNamespaceNode.h */,
				E8C3411C13E9E0640071B12D /* CXMLNamespaceNode.m */,
				E8C3411D13E9E0640071B12D /* CXMLNode.h */,
				E8C3411E13E9E0640071B12D /* CXMLNode.m */,
				E8C3411F13E9E0640071B12D /* CXMLNode_PrivateExtensions.h */,
				E8C3412013E9E0640071B12D /* CXMLNode_PrivateExtensions.m */,
				E8C3412113E9E0640071B12D /* CXMLNode_XPathExtensions.h */,
				E8C3412213E9E0640071B12D /* CXMLNode_XPathExtensions.m */,
				E8C3412313E9E0640071B12D /* CTidy.h */,
				E8C3412413E9E0640071B12D /* CTidy.m */,
				E8C3412513E9E0640071B12D /* TouchXML.h */,
			);
			name = "Touch XML";
			sourceTree = "<group>";
		};
		E8C3410713E9E03F0071B12D /* Parser */ = {
			isa = PBXGroup;
			children = (
				E8C3410813E9E0510071B12D /* XMLThreadedParser.h */,
				E8C3410913E9E0510071B12D /* XMLThreadedParser.m */,
			);
			name = Parser;
			sourceTree = "<group>";
		};
		E8C3413313E9F0C50071B12D /* Otras */ = {
			isa = PBXGroup;
			children = (
				E8C3413813E9F13A0071B12D /* estrellitas.png */,
				E8C3413613E9F1330071B12D /* cerado.png */,
				E8C3413413E9F12B0071B12D /* abierto.png */,
			);
			name = Otras;
			sourceTree = "<group>";
		};
		E8CFDEC513CDF09700F06E73 = {
			isa = PBXGroup;
			children = (
				E8CFDEDA13CDF09700F06E73 /* miOrden */,
				E8CFDEFF13CDF09700F06E73 /* miOrdenTests */,
				E8CFDED313CDF09700F06E73 /* Frameworks */,
				E8CFDED113CDF09700F06E73 /* Products */,
			);
			sourceTree = "<group>";
		};
		E8CFDED113CDF09700F06E73 /* Products */ = {
			isa = PBXGroup;
			children = (
				E8CFDED013CDF09700F06E73 /* miOrden.app */,
				E8CFDEF913CDF09700F06E73 /* miOrdenTests.octest */,
			);
			name = Products;
			sourceTree = "<group>";
		};
		E8CFDED313CDF09700F06E73 /* Frameworks */ = {
			isa = PBXGroup;
			children = (
				E890A7FC13CF6F96001B9291 /* MapKit.framework */,
				BCD60D8413CE96EC00DF55A6 /* MapKit.framework */,
				E8CFDED413CDF09700F06E73 /* UIKit.framework */,
				E8CFDED613CDF09700F06E73 /* Foundation.framework */,
				E8CFDED813CDF09700F06E73 /* CoreGraphics.framework */,
			);
			name = Frameworks;
			sourceTree = "<group>";
		};
		E8CFDEDA13CDF09700F06E73 /* miOrden */ = {
			isa = PBXGroup;
			children = (
				E805A98413CE245D00A96038 /* Shared Classes */,
				E8CFDF1F13CDF35600F06E73 /* Support Classes */,
				E8CFDF1A13CDF18400F06E73 /* Delegado */,
				E8CFDEE613CDF09700F06E73 /* iPhone */,
				E8CFDEED13CDF09700F06E73 /* iPad */,
				E8CFDEDB13CDF09700F06E73 /* Supporting Files */,
			);
			path = miOrden;
			sourceTree = "<group>";
		};
		E8CFDEDB13CDF09700F06E73 /* Supporting Files */ = {
			isa = PBXGroup;
			children = (
				BCFC66CC13EA0AC100846F19 /* placeholder-recipe-44.gif */,
				BC1D942D13D247D300B3CC94 /* Images */,
				E8CFDEDC13CDF09700F06E73 /* miOrden-Info.plist */,
				E8CFDEDD13CDF09700F06E73 /* InfoPlist.strings */,
				E8CFDEE013CDF09700F06E73 /* miOrden-Prefix.pch */,
				E8CFDEE113CDF09700F06E73 /* main.m */,
			);
			name = "Supporting Files";
			sourceTree = "<group>";
		};
		E8CFDEE613CDF09700F06E73 /* iPhone */ = {
			isa = PBXGroup;
			children = (
				E8CFDEE713CDF09700F06E73 /* miOrdenAppDelegate_iPhone.h */,
				E8CFDEE813CDF09700F06E73 /* miOrdenAppDelegate_iPhone.m */,
				E8CFDEEA13CDF09700F06E73 /* MainWindow_iPhone.xib */,
			);
			name = iPhone;
			sourceTree = "<group>";
		};
		E8CFDEED13CDF09700F06E73 /* iPad */ = {
			isa = PBXGroup;
			children = (
				E8CFDEEE13CDF09700F06E73 /* miOrdenAppDelegate_iPad.h */,
				E8CFDEEF13CDF09700F06E73 /* miOrdenAppDelegate_iPad.m */,
				E8CFDEF113CDF09700F06E73 /* MainWindow_iPad.xib */,
			);
			name = iPad;
			sourceTree = "<group>";
		};
		E8CFDEFF13CDF09700F06E73 /* miOrdenTests */ = {
			isa = PBXGroup;
			children = (
				E8CFDF0613CDF09700F06E73 /* miOrdenTests.h */,
				E8CFDF0813CDF09700F06E73 /* miOrdenTests.m */,
				E8CFDF0013CDF09700F06E73 /* Supporting Files */,
			);
			path = miOrdenTests;
			sourceTree = "<group>";
		};
		E8CFDF0013CDF09700F06E73 /* Supporting Files */ = {
			isa = PBXGroup;
			children = (
				E8CFDF0113CDF09700F06E73 /* miOrdenTests-Info.plist */,
				E8CFDF0213CDF09700F06E73 /* InfoPlist.strings */,
				E8CFDF0513CDF09700F06E73 /* miOrdenTests-Prefix.pch */,
			);
			name = "Supporting Files";
			sourceTree = "<group>";
		};
		E8CFDF1A13CDF18400F06E73 /* Delegado */ = {
			isa = PBXGroup;
			children = (
				E8CFDEE313CDF09700F06E73 /* miOrdenAppDelegate.h */,
				E8CFDEE413CDF09700F06E73 /* miOrdenAppDelegate.m */,
			);
			name = Delegado;
			sourceTree = "<group>";
		};
		E8CFDF1F13CDF35600F06E73 /* Support Classes */ = {
			isa = PBXGroup;
			children = (
				E8C3410413E9E0120071B12D /* XML Paser */,
				BC1D945313D25AF500B3CC94 /* SDWebImageVIew */,
				BC1D93FC13D234DB00B3CC94 /* ATPagingView */,
				E8CFDF2013CDF36F00F06E73 /* SensibleTableView */,
			);
			name = "Support Classes";
			sourceTree = "<group>";
		};
		E8CFDF2013CDF36F00F06E73 /* SensibleTableView */ = {
			isa = PBXGroup;
			children = (
				E8CFDF2113CDF38400F06E73 /* SCBadgeView.h */,
				E8CFDF2213CDF38400F06E73 /* SCBadgeView.m */,
				E8CFDF2313CDF38400F06E73 /* SCClassDefinition.h */,
				E8CFDF2413CDF38400F06E73 /* SCClassDefinition.m */,
				E8CFDF2513CDF38400F06E73 /* SCGlobals.h */,
				E8CFDF2613CDF38400F06E73 /* SCGlobals.m */,
				E8CFDF2713CDF38400F06E73 /* SCPropertyAttributes.h */,
				E8CFDF2813CDF38400F06E73 /* SCPropertyAttributes.m */,
				E8CFDF2913CDF38400F06E73 /* SCTableViewCell.h */,
				E8CFDF2A13CDF38400F06E73 /* SCTableViewCell.m */,
				E8CFDF2B13CDF38400F06E73 /* SCTableViewController.h */,
				E8CFDF2C13CDF38400F06E73 /* SCTableViewController.m */,
				E8CFDF2D13CDF38400F06E73 /* SCTableViewModel.h */,
				E8CFDF2E13CDF38400F06E73 /* SCTableViewModel.m */,
				E8CFDF2F13CDF38400F06E73 /* SCTableViewSection.h */,
				E8CFDF3013CDF38400F06E73 /* SCTableViewSection.m */,
				E8CFDF3113CDF38400F06E73 /* SCViewController.h */,
				E8CFDF3213CDF38400F06E73 /* SCViewController.m */,
			);
			name = SensibleTableView;
			sourceTree = "<group>";
		};
		E8D6DFAD13D4AA1C00ED7B9B /* Reseñas */ = {
			isa = PBXGroup;
			children = (
				E899AFE113D4AEC600B688A7 /* VistaResenias.h */,
				E899AFE213D4AEC600B688A7 /* VistaResenias.m */,
			);
			name = "Reseñas";
			sourceTree = "<group>";
		};
/* End PBXGroup section */

/* Begin PBXNativeTarget section */
		E8CFDECF13CDF09700F06E73 /* miOrden */ = {
			isa = PBXNativeTarget;
			buildConfigurationList = E8CFDF0C13CDF09700F06E73 /* Build configuration list for PBXNativeTarget "miOrden" */;
			buildPhases = (
				E8CFDECC13CDF09700F06E73 /* Sources */,
				E8CFDECD13CDF09700F06E73 /* Frameworks */,
				E8CFDECE13CDF09700F06E73 /* Resources */,
			);
			buildRules = (
			);
			dependencies = (
			);
			name = miOrden;
			productName = miOrden;
			productReference = E8CFDED013CDF09700F06E73 /* miOrden.app */;
			productType = "com.apple.product-type.application";
		};
		E8CFDEF813CDF09700F06E73 /* miOrdenTests */ = {
			isa = PBXNativeTarget;
			buildConfigurationList = E8CFDF0F13CDF09700F06E73 /* Build configuration list for PBXNativeTarget "miOrdenTests" */;
			buildPhases = (
				E8CFDEF413CDF09700F06E73 /* Sources */,
				E8CFDEF513CDF09700F06E73 /* Frameworks */,
				E8CFDEF613CDF09700F06E73 /* Resources */,
				E8CFDEF713CDF09700F06E73 /* ShellScript */,
			);
			buildRules = (
			);
			dependencies = (
				E8CFDEFE13CDF09700F06E73 /* PBXTargetDependency */,
			);
			name = miOrdenTests;
			productName = miOrdenTests;
			productReference = E8CFDEF913CDF09700F06E73 /* miOrdenTests.octest */;
			productType = "com.apple.product-type.bundle";
		};
/* End PBXNativeTarget section */

/* Begin PBXProject section */
		E8CFDEC713CDF09700F06E73 /* Project object */ = {
			isa = PBXProject;
			attributes = {
				ORGANIZATIONNAME = ITAM;
			};
			buildConfigurationList = E8CFDECA13CDF09700F06E73 /* Build configuration list for PBXProject "miOrden" */;
			compatibilityVersion = "Xcode 3.2";
			developmentRegion = English;
			hasScannedForEncodings = 0;
			knownRegions = (
				en,
			);
			mainGroup = E8CFDEC513CDF09700F06E73;
			productRefGroup = E8CFDED113CDF09700F06E73 /* Products */;
			projectDirPath = "";
			projectRoot = "";
			targets = (
				E8CFDECF13CDF09700F06E73 /* miOrden */,
				E8CFDEF813CDF09700F06E73 /* miOrdenTests */,
			);
		};
/* End PBXProject section */

/* Begin PBXResourcesBuildPhase section */
		E8CFDECE13CDF09700F06E73 /* Resources */ = {
			isa = PBXResourcesBuildPhase;
			buildActionMask = 2147483647;
			files = (
				E8CFDEDF13CDF09700F06E73 /* InfoPlist.strings in Resources */,
				E8CFDEEC13CDF09700F06E73 /* MainWindow_iPhone.xib in Resources */,
				E8CFDEF313CDF09700F06E73 /* MainWindow_iPad.xib in Resources */,
				E805A99013CE24E500A96038 /* VistaUnoOrden.xib in Resources */,
				E805A9A213CE3F1100A96038 /* VistaDetalleRestaurant.xib in Resources */,
				E861897A13CF414E003BA7AE /* VistaMenu.xib in Resources */,
				E8B8108013D109A600BF03B8 /* VistaCarrito.xib in Resources */,
				BC1D943113D247E600B3CC94 /* 06-magnify@2x.png in Resources */,
				BC1D943213D247E600B3CC94 /* 06-magnify.png in Resources */,
				BC1D943513D2488D00B3CC94 /* 111-user.png in Resources */,
				BC1D943613D2488D00B3CC94 /* 111-user@2x.png in Resources */,
				BC1D943913D2489800B3CC94 /* 80-shopping-cart@2x.png in Resources */,
				BC1D943A13D2489800B3CC94 /* 80-shopping-cart.png in Resources */,
				BC1D946613D25DE800B3CC94 /* amex.png in Resources */,
				BC1D946813D25DF100B3CC94 /* cash.png in Resources */,
				BC1D946A13D25E1300B3CC94 /* mastercard.png in Resources */,
				BC1D946C13D25E1D00B3CC94 /* visa.png in Resources */,
				E8C3413513E9F12B0071B12D /* abierto.png in Resources */,
				E8C3413713E9F1330071B12D /* cerado.png in Resources */,
				E8C3413913E9F13A0071B12D /* estrellitas.png in Resources */,
				BCFC66CD13EA0AC100846F19 /* placeholder-recipe-44.gif in Resources */,
			);
			runOnlyForDeploymentPostprocessing = 0;
		};
		E8CFDEF613CDF09700F06E73 /* Resources */ = {
			isa = PBXResourcesBuildPhase;
			buildActionMask = 2147483647;
			files = (
				E8CFDF0413CDF09700F06E73 /* InfoPlist.strings in Resources */,
				E8CFDF0713CDF09700F06E73 /* miOrdenTests.h in Resources */,
			);
			runOnlyForDeploymentPostprocessing = 0;
		};
/* End PBXResourcesBuildPhase section */

/* Begin PBXShellScriptBuildPhase section */
		E8CFDEF713CDF09700F06E73 /* ShellScript */ = {
			isa = PBXShellScriptBuildPhase;
			buildActionMask = 2147483647;
			files = (
			);
			inputPaths = (
			);
			outputPaths = (
			);
			runOnlyForDeploymentPostprocessing = 0;
			shellPath = /bin/sh;
			shellScript = "# Run the unit tests in this test bundle.\n\"${SYSTEM_DEVELOPER_DIR}/Tools/RunUnitTests\"\n";
		};
/* End PBXShellScriptBuildPhase section */

/* Begin PBXSourcesBuildPhase section */
		E8CFDECC13CDF09700F06E73 /* Sources */ = {
			isa = PBXSourcesBuildPhase;
			buildActionMask = 2147483647;
			files = (
				E8CFDEE213CDF09700F06E73 /* main.m in Sources */,
				E8CFDEE513CDF09700F06E73 /* miOrdenAppDelegate.m in Sources */,
				E8CFDEE913CDF09700F06E73 /* miOrdenAppDelegate_iPhone.m in Sources */,
				E8CFDEF013CDF09700F06E73 /* miOrdenAppDelegate_iPad.m in Sources */,
				E8CFDF1D13CDF1AF00F06E73 /* VistaInicioSesion.m in Sources */,
				E8CFDF3313CDF38400F06E73 /* SCBadgeView.m in Sources */,
				E8CFDF3413CDF38400F06E73 /* SCClassDefinition.m in Sources */,
				E8CFDF3513CDF38400F06E73 /* SCGlobals.m in Sources */,
				E8CFDF3613CDF38400F06E73 /* SCPropertyAttributes.m in Sources */,
				E8CFDF3713CDF38400F06E73 /* SCTableViewCell.m in Sources */,
				E8CFDF3813CDF38400F06E73 /* SCTableViewController.m in Sources */,
				E8CFDF3913CDF38400F06E73 /* SCTableViewModel.m in Sources */,
				E8CFDF3A13CDF38400F06E73 /* SCTableViewSection.m in Sources */,
				E8CFDF3B13CDF38400F06E73 /* SCViewController.m in Sources */,
				E8CFDF4B13CE000300F06E73 /* VistaRegistro.m in Sources */,
				E805A98B13CE24B900A96038 /* VistaCuentaPerfil.m in Sources */,
				E805A98F13CE24E500A96038 /* VistaUnoOrden.m in Sources */,
				E805A99313CE36E300A96038 /* VistaListaRestaurants.m in Sources */,
				E805A9A113CE3F1100A96038 /* VistaDetalleRestaurant.m in Sources */,
				E805A9AA13CE4B2400A96038 /* VistaListaDirecciones.m in Sources */,
				E805A9AD13CE4C9100A96038 /* VistaListaRFC.m in Sources */,
				E805A9B313CE505F00A96038 /* VistaNuevaDir.m in Sources */,
				E805A9B613CE540900A96038 /* VistaNuevoRFC.m in Sources */,
				E861897913CF414E003BA7AE /* VistaMenu.m in Sources */,
				E890A80213CF7386001B9291 /* VistaResumen.m in Sources */,
				E890A80513CF75F9001B9291 /* VistaTicket.m in Sources */,
				E8B8107F13D109A600BF03B8 /* VistaCarrito.m in Sources */,
				E8B8108613D10E3800BF03B8 /* VistaFormaCheckOut.m in Sources */,
				BC1D941213D234DB00B3CC94 /* ATPagingView.m in Sources */,
				BC1D946013D25B3B00B3CC94 /* SDImageCache.m in Sources */,
				BC1D946113D25B3B00B3CC94 /* SDWebImageDownloader.m in Sources */,
				BC1D946213D25B3B00B3CC94 /* SDWebImageManager.m in Sources */,
				BC1D946313D25B3B00B3CC94 /* UIImageView+WebCache.m in Sources */,
				E899AFE313D4AEC600B688A7 /* VistaResenias.m in Sources */,
				E8C3410A13E9E0510071B12D /* XMLThreadedParser.m in Sources */,
				E8C3412613E9E0640071B12D /* CXMLDocument_CreationExtensions.m in Sources */,
				E8C3412713E9E0640071B12D /* CXMLNode_CreationExtensions.m in Sources */,
				E8C3412813E9E0640071B12D /* CXHTMLDocument.m in Sources */,
				E8C3412913E9E0640071B12D /* CXMLDocument.m in Sources */,
				E8C3412A13E9E0640071B12D /* CXMLDocument_PrivateExtensions.m in Sources */,
				E8C3412B13E9E0640071B12D /* CXMLElement.m in Sources */,
				E8C3412C13E9E0640071B12D /* CXMLElement_CreationExtensions.m in Sources */,
				E8C3412D13E9E0640071B12D /* CXMLElement_ElementTreeExtensions.m in Sources */,
				E8C3412E13E9E0640071B12D /* CXMLNamespaceNode.m in Sources */,
				E8C3412F13E9E0640071B12D /* CXMLNode.m in Sources */,
				E8C3413013E9E0640071B12D /* CXMLNode_PrivateExtensions.m in Sources */,
				E8C3413113E9E0640071B12D /* CXMLNode_XPathExtensions.m in Sources */,
				E8C3413213E9E0640071B12D /* CTidy.m in Sources */,
			);
			runOnlyForDeploymentPostprocessing = 0;
		};
		E8CFDEF413CDF09700F06E73 /* Sources */ = {
			isa = PBXSourcesBuildPhase;
			buildActionMask = 2147483647;
			files = (
				E8CFDF0913CDF09700F06E73 /* miOrdenTests.m in Sources */,
			);
			runOnlyForDeploymentPostprocessing = 0;
		};
/* End PBXSourcesBuildPhase section */

/* Begin PBXTargetDependency section */
		E8CFDEFE13CDF09700F06E73 /* PBXTargetDependency */ = {
			isa = PBXTargetDependency;
			target = E8CFDECF13CDF09700F06E73 /* miOrden */;
			targetProxy = E8CFDEFD13CDF09700F06E73 /* PBXContainerItemProxy */;
		};
/* End PBXTargetDependency section */

/* Begin PBXVariantGroup section */
		E8CFDEDD13CDF09700F06E73 /* InfoPlist.strings */ = {
			isa = PBXVariantGroup;
			children = (
				E8CFDEDE13CDF09700F06E73 /* en */,
			);
			name = InfoPlist.strings;
			sourceTree = "<group>";
		};
		E8CFDEEA13CDF09700F06E73 /* MainWindow_iPhone.xib */ = {
			isa = PBXVariantGroup;
			children = (
				E8CFDEEB13CDF09700F06E73 /* en */,
			);
			name = MainWindow_iPhone.xib;
			sourceTree = "<group>";
		};
		E8CFDEF113CDF09700F06E73 /* MainWindow_iPad.xib */ = {
			isa = PBXVariantGroup;
			children = (
				E8CFDEF213CDF09700F06E73 /* en */,
			);
			name = MainWindow_iPad.xib;
			sourceTree = "<group>";
		};
		E8CFDF0213CDF09700F06E73 /* InfoPlist.strings */ = {
			isa = PBXVariantGroup;
			children = (
				E8CFDF0313CDF09700F06E73 /* en */,
			);
			name = InfoPlist.strings;
			sourceTree = "<group>";
		};
/* End PBXVariantGroup section */

/* Begin XCBuildConfiguration section */
		E8CFDF0A13CDF09700F06E73 /* Debug */ = {
			isa = XCBuildConfiguration;
			buildSettings = {
				ARCHS = "$(ARCHS_STANDARD_32_BIT)";
				"CODE_SIGN_IDENTITY[sdk=iphoneos*]" = "iPhone Developer";
				GCC_C_LANGUAGE_STANDARD = gnu99;
				GCC_OPTIMIZATION_LEVEL = 0;
				GCC_PREPROCESSOR_DEFINITIONS = DEBUG;
				GCC_SYMBOLS_PRIVATE_EXTERN = NO;
				GCC_VERSION = com.apple.compilers.llvmgcc42;
				GCC_WARN_ABOUT_RETURN_TYPE = YES;
				GCC_WARN_UNUSED_VARIABLE = YES;
				IPHONEOS_DEPLOYMENT_TARGET = 4.3;
				SDKROOT = iphoneos;
				TARGETED_DEVICE_FAMILY = "1,2";
			};
			name = Debug;
		};
		E8CFDF0B13CDF09700F06E73 /* Release */ = {
			isa = XCBuildConfiguration;
			buildSettings = {
				ARCHS = "$(ARCHS_STANDARD_32_BIT)";
				"CODE_SIGN_IDENTITY[sdk=iphoneos*]" = "iPhone Developer";
				GCC_C_LANGUAGE_STANDARD = gnu99;
				GCC_VERSION = com.apple.compilers.llvmgcc42;
				GCC_WARN_ABOUT_RETURN_TYPE = YES;
				GCC_WARN_UNUSED_VARIABLE = YES;
				IPHONEOS_DEPLOYMENT_TARGET = 4.3;
				OTHER_CFLAGS = "-DNS_BLOCK_ASSERTIONS=1";
				SDKROOT = iphoneos;
				TARGETED_DEVICE_FAMILY = "1,2";
			};
			name = Release;
		};
		E8CFDF0D13CDF09700F06E73 /* Debug */ = {
			isa = XCBuildConfiguration;
			buildSettings = {
				ALWAYS_SEARCH_USER_PATHS = NO;
				COPY_PHASE_STRIP = NO;
				GCC_DYNAMIC_NO_PIC = NO;
				GCC_PRECOMPILE_PREFIX_HEADER = YES;
				GCC_PREFIX_HEADER = "miOrden/miOrden-Prefix.pch";
				HEADER_SEARCH_PATHS = (
					/usr/include/libxml2,
					"<Multiple",
					"values>",
				);
				INFOPLIST_FILE = "miOrden/miOrden-Info.plist";
				IPHONEOS_DEPLOYMENT_TARGET = 4.0;
				OTHER_LDFLAGS = (
					"-ObjC",
					"-lxml2",
				);
				PRODUCT_NAME = "$(TARGET_NAME)";
				SDKROOT = iphoneos;
				TARGETED_DEVICE_FAMILY = "1,2";
				WRAPPER_EXTENSION = app;
			};
			name = Debug;
		};
		E8CFDF0E13CDF09700F06E73 /* Release */ = {
			isa = XCBuildConfiguration;
			buildSettings = {
				ALWAYS_SEARCH_USER_PATHS = NO;
				COPY_PHASE_STRIP = YES;
				GCC_PRECOMPILE_PREFIX_HEADER = YES;
				GCC_PREFIX_HEADER = "miOrden/miOrden-Prefix.pch";
				HEADER_SEARCH_PATHS = (
					/usr/include/libxml2,
					"<Multiple",
					"values>",
				);
				INFOPLIST_FILE = "miOrden/miOrden-Info.plist";
				IPHONEOS_DEPLOYMENT_TARGET = 4.0;
				OTHER_LDFLAGS = (
					"-ObjC",
					"-lxml2",
				);
				PRODUCT_NAME = "$(TARGET_NAME)";
				SDKROOT = iphoneos;
				TARGETED_DEVICE_FAMILY = "1,2";
				VALIDATE_PRODUCT = YES;
				WRAPPER_EXTENSION = app;
			};
			name = Release;
		};
		E8CFDF1013CDF09700F06E73 /* Debug */ = {
			isa = XCBuildConfiguration;
			buildSettings = {
				ALWAYS_SEARCH_USER_PATHS = NO;
				BUNDLE_LOADER = "$(BUILT_PRODUCTS_DIR)/miOrden.app/miOrden";
				FRAMEWORK_SEARCH_PATHS = (
					"$(SDKROOT)/Developer/Library/Frameworks",
					"$(DEVELOPER_LIBRARY_DIR)/Frameworks",
				);
				GCC_PRECOMPILE_PREFIX_HEADER = YES;
				GCC_PREFIX_HEADER = "miOrdenTests/miOrdenTests-Prefix.pch";
				INFOPLIST_FILE = "miOrdenTests/miOrdenTests-Info.plist";
				OTHER_LDFLAGS = (
					"-framework",
					SenTestingKit,
				);
				PRODUCT_NAME = "$(TARGET_NAME)";
				TEST_HOST = "$(BUNDLE_LOADER)";
				WRAPPER_EXTENSION = octest;
			};
			name = Debug;
		};
		E8CFDF1113CDF09700F06E73 /* Release */ = {
			isa = XCBuildConfiguration;
			buildSettings = {
				ALWAYS_SEARCH_USER_PATHS = NO;
				BUNDLE_LOADER = "$(BUILT_PRODUCTS_DIR)/miOrden.app/miOrden";
				FRAMEWORK_SEARCH_PATHS = (
					"$(SDKROOT)/Developer/Library/Frameworks",
					"$(DEVELOPER_LIBRARY_DIR)/Frameworks",
				);
				GCC_PRECOMPILE_PREFIX_HEADER = YES;
				GCC_PREFIX_HEADER = "miOrdenTests/miOrdenTests-Prefix.pch";
				INFOPLIST_FILE = "miOrdenTests/miOrdenTests-Info.plist";
				OTHER_LDFLAGS = (
					"-framework",
					SenTestingKit,
				);
				PRODUCT_NAME = "$(TARGET_NAME)";
				TEST_HOST = "$(BUNDLE_LOADER)";
				WRAPPER_EXTENSION = octest;
			};
			name = Release;
		};
/* End XCBuildConfiguration section */

/* Begin XCConfigurationList section */
		E8CFDECA13CDF09700F06E73 /* Build configuration list for PBXProject "miOrden" */ = {
			isa = XCConfigurationList;
			buildConfigurations = (
				E8CFDF0A13CDF09700F06E73 /* Debug */,
				E8CFDF0B13CDF09700F06E73 /* Release */,
			);
			defaultConfigurationIsVisible = 0;
			defaultConfigurationName = Release;
		};
		E8CFDF0C13CDF09700F06E73 /* Build configuration list for PBXNativeTarget "miOrden" */ = {
			isa = XCConfigurationList;
			buildConfigurations = (
				E8CFDF0D13CDF09700F06E73 /* Debug */,
				E8CFDF0E13CDF09700F06E73 /* Release */,
			);
			defaultConfigurationIsVisible = 0;
			defaultConfigurationName = Release;
		};
		E8CFDF0F13CDF09700F06E73 /* Build configuration list for PBXNativeTarget "miOrdenTests" */ = {
			isa = XCConfigurationList;
			buildConfigurations = (
				E8CFDF1013CDF09700F06E73 /* Debug */,
				E8CFDF1113CDF09700F06E73 /* Release */,
			);
			defaultConfigurationIsVisible = 0;
			defaultConfigurationName = Release;
		};
/* End XCConfigurationList section */
	};
	rootObject = E8CFDEC713CDF09700F06E73 /* Project object */;
}
